
Microsoft Visual Studio Solution File, Format Version 12.00
# Visual Studio Version 16
VisualStudioVersion = 16.0.31702.278
MinimumVisualStudioVersion = 10.0.40219.1
Project("{FAE04EC0-301F-11D3-BF4B-00C04F79EFBC}") = "Task3Lab6", "Task3Lab6\Task3Lab6.csproj", "{C0218FF8-B996-45AD-BD70-C71D22BEFE76}"
EndProject
Global
	GlobalSection(SolutionConfigurationPlatforms) = preSolution
		Debug|Any CPU = Debug|Any CPU
		Release|Any CPU = Release|Any CPU
	EndGlobalSection
	GlobalSection(ProjectConfigurationPlatforms) = postSolution
		{C0218FF8-B996-45AD-BD70-C71D22BEFE76}.Debug|Any CPU.ActiveCfg = Debug|Any CPU
		{C0218FF8-B996-45AD-BD70-C71D22BEFE76}.Debug|Any CPU.Build.0 = Debug|Any CPU
		{C0218FF8-B996-45AD-BD70-C71D22BEFE76}.Release|Any CPU.ActiveCfg = Release|Any CPU
		{C0218FF8-B996-45AD-BD70-C71D22BEFE76}.Release|Any CPU.Build.0 = Release|Any CPU
	EndGlobalSection
	GlobalSection(SolutionProperties) = preSolution
		HideSolutionNode = FALSE
	EndGlobalSection
	GlobalSection(ExtensibilityGlobals) = postSolution
		SolutionGuid = {A1212D7D-120F-4605-B6EF-FF223BC39450}
	EndGlobalSection
EndGlobal
